
Microsoft Visual Studio Solution File, Format Version 12.00
# Visual Studio Version 16
VisualStudioVersion = 16.0.30503.244
MinimumVisualStudioVersion = 10.0.40219.1
Project("{FAE04EC0-301F-11D3-BF4B-00C04F79EFBC}") = "AnalogDevices.Constraints", "AnalogDevices.Constraints.csproj", "{347C04B4-9965-4561-BB16-3DC397708178}"
EndProject
Project("{FAE04EC0-301F-11D3-BF4B-00C04F79EFBC}") = "AnalogDevices.Constraints.Test", "..\AnalogDevices.Constraints.Test\AnalogDevices.Constraints.Test.csproj", "{8E70A7E7-D4EE-48C3-ADB2-2679849B906F}"
EndProject
Global
	GlobalSection(SolutionConfigurationPlatforms) = preSolution
		Debug|Any CPU = Debug|Any CPU
		Release|Any CPU = Release|Any CPU
	EndGlobalSection
	GlobalSection(ProjectConfigurationPlatforms) = postSolution
		{347C04B4-9965-4561-BB16-3DC397708178}.Debug|Any CPU.ActiveCfg = Debug|Any CPU
		{347C04B4-9965-4561-BB16-3DC397708178}.Debug|Any CPU.Build.0 = Debug|Any CPU
		{347C04B4-9965-4561-BB16-3DC397708178}.Release|Any CPU.ActiveCfg = Release|Any CPU
		{347C04B4-9965-4561-BB16-3DC397708178}.Release|Any CPU.Build.0 = Release|Any CPU
		{8E70A7E7-D4EE-48C3-ADB2-2679849B906F}.Debug|Any CPU.ActiveCfg = Debug|Any CPU
		{8E70A7E7-D4EE-48C3-ADB2-2679849B906F}.Debug|Any CPU.Build.0 = Debug|Any CPU
		{8E70A7E7-D4EE-48C3-ADB2-2679849B906F}.Release|Any CPU.ActiveCfg = Release|Any CPU
		{8E70A7E7-D4EE-48C3-ADB2-2679849B906F}.Release|Any CPU.Build.0 = Release|Any CPU
	EndGlobalSection
	GlobalSection(SolutionProperties) = preSolution
		HideSolutionNode = FALSE
	EndGlobalSection
	GlobalSection(ExtensibilityGlobals) = postSolution
		SolutionGuid = {BC65137C-0F1F-43C7-A97F-E7F191039BFA}
	EndGlobalSection
EndGlobal
